
Microsoft Visual Studio Solution File, Format Version 12.00
# Visual Studio Version 17
VisualStudioVersion = 17.8.34322.80
MinimumVisualStudioVersion = 10.0.40219.1
Project("{9A19103F-16F7-4668-BE54-9A1E7A4F7556}") = "Nightcap.NET.Core.Diagnostics", "src\libs\Nightcap\Core\Nightcap.NET.Core.Diagnostics\Nightcap.NET.Core.Diagnostics.csproj", "{7CFAD58E-B78C-435E-ADE6-2307B4A7EF54}"
EndProject
Project("{2150E333-8FDC-42A3-9474-1A3956D46DE8}") = "libs", "libs", "{86269CEC-E6B7-4553-A2AB-440D472DAFEE}"
EndProject
Project("{2150E333-8FDC-42A3-9474-1A3956D46DE8}") = "Nightcap", "Nightcap", "{4C35EFAA-4D0A-4518-A9B2-0A9F42CDAAD6}"
EndProject
Project("{2150E333-8FDC-42A3-9474-1A3956D46DE8}") = "Core", "Core", "{C3304DC2-0485-4F1B-8EA9-B38E5364289F}"
EndProject
Project("{9A19103F-16F7-4668-BE54-9A1E7A4F7556}") = "Test.Unit.Nightcap.Core.Diagnostics", "test\unit\Nightcap\Core\Test.Unit.Nightcap.Core.Diagnostics\Test.Unit.Nightcap.Core.Diagnostics.csproj", "{62B0A52D-793E-45A2-BF6F-EBBC31387633}"
EndProject
Project("{2150E333-8FDC-42A3-9474-1A3956D46DE8}") = "unit", "unit", "{5A9ED55A-B095-48D4-8D2B-8D6E93140906}"
EndProject
Project("{2150E333-8FDC-42A3-9474-1A3956D46DE8}") = "Nightcap", "Nightcap", "{A94FA86E-B022-48DC-91A6-125E2876FF52}"
EndProject
Project("{2150E333-8FDC-42A3-9474-1A3956D46DE8}") = "Core", "Core", "{80C35174-6FA5-446E-877C-DD68F9C25CE3}"
EndProject
Project("{2150E333-8FDC-42A3-9474-1A3956D46DE8}") = "test", "test", "{A06427EE-35DC-4D65-B38E-3551299F9CBF}"
EndProject
Project("{9A19103F-16F7-4668-BE54-9A1E7A4F7556}") = "Nightcap.NET.Adrastea.Core.Interfaces", "src\libs\Nightcap\Adrastea\Core\Nightcap.NET.Adrastea.Core.Interfaces\Nightcap.NET.Adrastea.Core.Interfaces.csproj", "{5E931A57-B411-422D-9AF2-0D8EE41767F6}"
EndProject
Project("{2150E333-8FDC-42A3-9474-1A3956D46DE8}") = "Adrastea", "Adrastea", "{84D5FC5F-A93C-4B89-886C-2EDC4144B5B3}"
EndProject
Project("{2150E333-8FDC-42A3-9474-1A3956D46DE8}") = "Core", "Core", "{2555F3E5-2203-473B-A6EF-3ABA0BA3DE2A}"
EndProject
Project("{2150E333-8FDC-42A3-9474-1A3956D46DE8}") = "Adrastea", "Adrastea", "{DB7F46BD-F7F4-402F-B1CE-26299CAD7B14}"
EndProject
Project("{2150E333-8FDC-42A3-9474-1A3956D46DE8}") = "Core", "Core", "{0F48AD61-E9E9-4EB9-90FE-54009E896876}"
EndProject
Project("{9A19103F-16F7-4668-BE54-9A1E7A4F7556}") = "Nightcap.NET.Adrastea.Core", "src\libs\Nightcap\Adrastea\Core\Nightcap.NET.Adrastea.Core\Nightcap.NET.Adrastea.Core.csproj", "{71FBB8AF-7918-47AE-928D-807C1164625A}"
EndProject
Project("{FAE04EC0-301F-11D3-BF4B-00C04F79EFBC}") = "Nightcap.NET.Core.IO", "src\libs\Nightcap\Core\Nightcap.NET.Core.IO\Nightcap.NET.Core.IO.csproj", "{0EDDF2F8-7F07-4F34-B840-AFAFFB62AAE4}"
EndProject
Project("{FAE04EC0-301F-11D3-BF4B-00C04F79EFBC}") = "Test.Unit.Nightcap.Core.IO", "test\unit\Nightcap\Core\Test.Unit.Nightcap.Core.IO\Test.Unit.Nightcap.Core.IO.csproj", "{F9144B4B-B597-4DF5-880D-ED48A12A64B8}"
EndProject
Project("{FAE04EC0-301F-11D3-BF4B-00C04F79EFBC}") = "Test.Unit.Nightcap.Adrastea.Core", "test\unit\Nightcap\Adrastea\Core\Test.Unit.Nightcap.Adrastea.Core\Test.Unit.Nightcap.Adrastea.Core.csproj", "{B2C873AB-CBBE-40F8-AC7A-963CD1274E69}"
EndProject
Global
	GlobalSection(SolutionConfigurationPlatforms) = preSolution
		Debug|Any CPU = Debug|Any CPU
		Release|Any CPU = Release|Any CPU
	EndGlobalSection
	GlobalSection(ProjectConfigurationPlatforms) = postSolution
		{7CFAD58E-B78C-435E-ADE6-2307B4A7EF54}.Debug|Any CPU.ActiveCfg = Debug|Any CPU
		{7CFAD58E-B78C-435E-ADE6-2307B4A7EF54}.Debug|Any CPU.Build.0 = Debug|Any CPU
		{7CFAD58E-B78C-435E-ADE6-2307B4A7EF54}.Release|Any CPU.ActiveCfg = Release|Any CPU
		{7CFAD58E-B78C-435E-ADE6-2307B4A7EF54}.Release|Any CPU.Build.0 = Release|Any CPU
		{62B0A52D-793E-45A2-BF6F-EBBC31387633}.Debug|Any CPU.ActiveCfg = Debug|Any CPU
		{62B0A52D-793E-45A2-BF6F-EBBC31387633}.Debug|Any CPU.Build.0 = Debug|Any CPU
		{62B0A52D-793E-45A2-BF6F-EBBC31387633}.Release|Any CPU.ActiveCfg = Release|Any CPU
		{62B0A52D-793E-45A2-BF6F-EBBC31387633}.Release|Any CPU.Build.0 = Release|Any CPU
		{5E931A57-B411-422D-9AF2-0D8EE41767F6}.Debug|Any CPU.ActiveCfg = Debug|Any CPU
		{5E931A57-B411-422D-9AF2-0D8EE41767F6}.Debug|Any CPU.Build.0 = Debug|Any CPU
		{5E931A57-B411-422D-9AF2-0D8EE41767F6}.Release|Any CPU.ActiveCfg = Release|Any CPU
		{5E931A57-B411-422D-9AF2-0D8EE41767F6}.Release|Any CPU.Build.0 = Release|Any CPU
		{71FBB8AF-7918-47AE-928D-807C1164625A}.Debug|Any CPU.ActiveCfg = Debug|Any CPU
		{71FBB8AF-7918-47AE-928D-807C1164625A}.Debug|Any CPU.Build.0 = Debug|Any CPU
		{71FBB8AF-7918-47AE-928D-807C1164625A}.Release|Any CPU.ActiveCfg = Release|Any CPU
		{71FBB8AF-7918-47AE-928D-807C1164625A}.Release|Any CPU.Build.0 = Release|Any CPU
		{0EDDF2F8-7F07-4F34-B840-AFAFFB62AAE4}.Debug|Any CPU.ActiveCfg = Debug|Any CPU
		{0EDDF2F8-7F07-4F34-B840-AFAFFB62AAE4}.Debug|Any CPU.Build.0 = Debug|Any CPU
		{0EDDF2F8-7F07-4F34-B840-AFAFFB62AAE4}.Release|Any CPU.ActiveCfg = Release|Any CPU
		{0EDDF2F8-7F07-4F34-B840-AFAFFB62AAE4}.Release|Any CPU.Build.0 = Release|Any CPU
		{F9144B4B-B597-4DF5-880D-ED48A12A64B8}.Debug|Any CPU.ActiveCfg = Debug|Any CPU
		{F9144B4B-B597-4DF5-880D-ED48A12A64B8}.Debug|Any CPU.Build.0 = Debug|Any CPU
		{F9144B4B-B597-4DF5-880D-ED48A12A64B8}.Release|Any CPU.ActiveCfg = Release|Any CPU
		{F9144B4B-B597-4DF5-880D-ED48A12A64B8}.Release|Any CPU.Build.0 = Release|Any CPU
		{B2C873AB-CBBE-40F8-AC7A-963CD1274E69}.Debug|Any CPU.ActiveCfg = Debug|Any CPU
		{B2C873AB-CBBE-40F8-AC7A-963CD1274E69}.Debug|Any CPU.Build.0 = Debug|Any CPU
		{B2C873AB-CBBE-40F8-AC7A-963CD1274E69}.Release|Any CPU.ActiveCfg = Release|Any CPU
		{B2C873AB-CBBE-40F8-AC7A-963CD1274E69}.Release|Any CPU.Build.0 = Release|Any CPU
	EndGlobalSection
	GlobalSection(SolutionProperties) = preSolution
		HideSolutionNode = FALSE
	EndGlobalSection
	GlobalSection(NestedProjects) = preSolution
		{7CFAD58E-B78C-435E-ADE6-2307B4A7EF54} = {C3304DC2-0485-4F1B-8EA9-B38E5364289F}
		{4C35EFAA-4D0A-4518-A9B2-0A9F42CDAAD6} = {86269CEC-E6B7-4553-A2AB-440D472DAFEE}
		{C3304DC2-0485-4F1B-8EA9-B38E5364289F} = {4C35EFAA-4D0A-4518-A9B2-0A9F42CDAAD6}
		{62B0A52D-793E-45A2-BF6F-EBBC31387633} = {80C35174-6FA5-446E-877C-DD68F9C25CE3}
		{5A9ED55A-B095-48D4-8D2B-8D6E93140906} = {A06427EE-35DC-4D65-B38E-3551299F9CBF}
		{A94FA86E-B022-48DC-91A6-125E2876FF52} = {5A9ED55A-B095-48D4-8D2B-8D6E93140906}
		{80C35174-6FA5-446E-877C-DD68F9C25CE3} = {A94FA86E-B022-48DC-91A6-125E2876FF52}
		{5E931A57-B411-422D-9AF2-0D8EE41767F6} = {2555F3E5-2203-473B-A6EF-3ABA0BA3DE2A}
		{84D5FC5F-A93C-4B89-886C-2EDC4144B5B3} = {4C35EFAA-4D0A-4518-A9B2-0A9F42CDAAD6}
		{2555F3E5-2203-473B-A6EF-3ABA0BA3DE2A} = {84D5FC5F-A93C-4B89-886C-2EDC4144B5B3}
		{DB7F46BD-F7F4-402F-B1CE-26299CAD7B14} = {A94FA86E-B022-48DC-91A6-125E2876FF52}
		{0F48AD61-E9E9-4EB9-90FE-54009E896876} = {DB7F46BD-F7F4-402F-B1CE-26299CAD7B14}
		{71FBB8AF-7918-47AE-928D-807C1164625A} = {2555F3E5-2203-473B-A6EF-3ABA0BA3DE2A}
		{0EDDF2F8-7F07-4F34-B840-AFAFFB62AAE4} = {C3304DC2-0485-4F1B-8EA9-B38E5364289F}
		{F9144B4B-B597-4DF5-880D-ED48A12A64B8} = {80C35174-6FA5-446E-877C-DD68F9C25CE3}
		{B2C873AB-CBBE-40F8-AC7A-963CD1274E69} = {0F48AD61-E9E9-4EB9-90FE-54009E896876}
	EndGlobalSection
	GlobalSection(ExtensibilityGlobals) = postSolution
		SolutionGuid = {F799D56C-6FA4-47CE-8D3A-C880DD87A1BF}
	EndGlobalSection
EndGlobal
